
Microsoft Visual Studio Solution File, Format Version 12.00
# Visual Studio Version 17
VisualStudioVersion = 17.0.31903.59
MinimumVisualStudioVersion = 10.0.40219.1
Project("{9A19103F-16F7-4668-BE54-9A1E7A4F7556}") = "GrpcVelocityClient", "GrpcVelocityClient\GrpcVelocityClient.csproj", "{9164FA99-ED75-4AC5-9586-D31AE5BDCD8C}"
EndProject
Global
	GlobalSection(SolutionConfigurationPlatforms) = preSolution
		Debug|Any CPU = Debug|Any CPU
		Release|Any CPU = Release|Any CPU
	EndGlobalSection
	GlobalSection(ProjectConfigurationPlatforms) = postSolution
		{9164FA99-ED75-4AC5-9586-D31AE5BDCD8C}.Debug|Any CPU.ActiveCfg = Debug|Any CPU
		{9164FA99-ED75-4AC5-9586-D31AE5BDCD8C}.Debug|Any CPU.Build.0 = Debug|Any CPU
		{9164FA99-ED75-4AC5-9586-D31AE5BDCD8C}.Release|Any CPU.ActiveCfg = Release|Any CPU
		{9164FA99-ED75-4AC5-9586-D31AE5BDCD8C}.Release|Any CPU.Build.0 = Release|Any CPU
	EndGlobalSection
	GlobalSection(SolutionProperties) = preSolution
		HideSolutionNode = FALSE
	EndGlobalSection
	GlobalSection(ExtensibilityGlobals) = postSolution
		SolutionGuid = {B22273A3-5FAC-4D3B-9678-8E514D6FF5E0}
	EndGlobalSection
EndGlobal
